
Microsoft Visual Studio Solution File, Format Version 12.00
# Visual Studio 15
VisualStudioVersion = 15.0.27130.2010
MinimumVisualStudioVersion = 10.0.40219.1
Project("{8BC9CEB8-8B4A-11D0-8D11-00A0C91BC942}") = "Zadatak01", "Zadatak01\Zadatak01.vcxproj", "{EE6BF02D-3A51-4EBE-A212-639A35F7AE53}"
EndProject
Project("{8BC9CEB8-8B4A-11D0-8D11-00A0C91BC942}") = "Zadatak02", "Zadatak02\Zadatak02.vcxproj", "{40053768-690C-414E-B3BD-4D2D5BB8052A}"
EndProject
Project("{8BC9CEB8-8B4A-11D0-8D11-00A0C91BC942}") = "Zadatak03", "Zadatak03\Zadatak03.vcxproj", "{E2AD7EE1-8EA8-476A-91D6-E2B56D0ED8A2}"
EndProject
Global
	GlobalSection(SolutionConfigurationPlatforms) = preSolution
		Debug|x64 = Debug|x64
		Debug|x86 = Debug|x86
		Release|x64 = Release|x64
		Release|x86 = Release|x86
	EndGlobalSection
	GlobalSection(ProjectConfigurationPlatforms) = postSolution
		{EE6BF02D-3A51-4EBE-A212-639A35F7AE53}.Debug|x64.ActiveCfg = Debug|x64
		{EE6BF02D-3A51-4EBE-A212-639A35F7AE53}.Debug|x64.Build.0 = Debug|x64
		{EE6BF02D-3A51-4EBE-A212-639A35F7AE53}.Debug|x86.ActiveCfg = Debug|Win32
		{EE6BF02D-3A51-4EBE-A212-639A35F7AE53}.Debug|x86.Build.0 = Debug|Win32
		{EE6BF02D-3A51-4EBE-A212-639A35F7AE53}.Release|x64.ActiveCfg = Release|x64
		{EE6BF02D-3A51-4EBE-A212-639A35F7AE53}.Release|x64.Build.0 = Release|x64
		{EE6BF02D-3A51-4EBE-A212-639A35F7AE53}.Release|x86.ActiveCfg = Release|Win32
		{EE6BF02D-3A51-4EBE-A212-639A35F7AE53}.Release|x86.Build.0 = Release|Win32
		{40053768-690C-414E-B3BD-4D2D5BB8052A}.Debug|x64.ActiveCfg = Debug|x64
		{40053768-690C-414E-B3BD-4D2D5BB8052A}.Debug|x64.Build.0 = Debug|x64
		{40053768-690C-414E-B3BD-4D2D5BB8052A}.Debug|x86.ActiveCfg = Debug|Win32
		{40053768-690C-414E-B3BD-4D2D5BB8052A}.Debug|x86.Build.0 = Debug|Win32
		{40053768-690C-414E-B3BD-4D2D5BB8052A}.Release|x64.ActiveCfg = Release|x64
		{40053768-690C-414E-B3BD-4D2D5BB8052A}.Release|x64.Build.0 = Release|x64
		{40053768-690C-414E-B3BD-4D2D5BB8052A}.Release|x86.ActiveCfg = Release|Win32
		{40053768-690C-414E-B3BD-4D2D5BB8052A}.Release|x86.Build.0 = Release|Win32
		{E2AD7EE1-8EA8-476A-91D6-E2B56D0ED8A2}.Debug|x64.ActiveCfg = Debug|x64
		{E2AD7EE1-8EA8-476A-91D6-E2B56D0ED8A2}.Debug|x64.Build.0 = Debug|x64
		{E2AD7EE1-8EA8-476A-91D6-E2B56D0ED8A2}.Debug|x86.ActiveCfg = Debug|Win32
		{E2AD7EE1-8EA8-476A-91D6-E2B56D0ED8A2}.Debug|x86.Build.0 = Debug|Win32
		{E2AD7EE1-8EA8-476A-91D6-E2B56D0ED8A2}.Release|x64.ActiveCfg = Release|x64
		{E2AD7EE1-8EA8-476A-91D6-E2B56D0ED8A2}.Release|x64.Build.0 = Release|x64
		{E2AD7EE1-8EA8-476A-91D6-E2B56D0ED8A2}.Release|x86.ActiveCfg = Release|Win32
		{E2AD7EE1-8EA8-476A-91D6-E2B56D0ED8A2}.Release|x86.Build.0 = Release|Win32
	EndGlobalSection
	GlobalSection(SolutionProperties) = preSolution
		HideSolutionNode = FALSE
	EndGlobalSection
	GlobalSection(ExtensibilityGlobals) = postSolution
		SolutionGuid = {B99C8F68-D1A9-482D-AD00-455913A7B3E6}
	EndGlobalSection
EndGlobal
