
Microsoft Visual Studio Solution File, Format Version 12.00
# Visual Studio Version 16
VisualStudioVersion = 16.0.29123.88
MinimumVisualStudioVersion = 10.0.40219.1
Project("{8BC9CEB8-8B4A-11D0-8D11-00A0C91BC942}") = "Zadatak01", "Zadatak01\Zadatak01.vcxproj", "{288CEA50-9899-41DE-A72C-B8D3BB5941F2}"
EndProject
Project("{8BC9CEB8-8B4A-11D0-8D11-00A0C91BC942}") = "Zadatak02", "Zadatak02\Zadatak02.vcxproj", "{1D049DD1-05C9-415B-A808-E11B42E36445}"
EndProject
Project("{8BC9CEB8-8B4A-11D0-8D11-00A0C91BC942}") = "Zadatak03", "Zadatak03\Zadatak03.vcxproj", "{B37B0F50-2FE5-428E-8739-EE6F7A597590}"
EndProject
Project("{8BC9CEB8-8B4A-11D0-8D11-00A0C91BC942}") = "Zadatak04", "Zadatak04\Zadatak04.vcxproj", "{39BAAC82-71C0-405D-82BE-837DB75E4B3B}"
EndProject
Project("{8BC9CEB8-8B4A-11D0-8D11-00A0C91BC942}") = "Zadatak05", "Zadatak05\Zadatak05.vcxproj", "{D10D89D0-0AC7-4824-BF4A-58E40D6D9909}"
EndProject
Project("{8BC9CEB8-8B4A-11D0-8D11-00A0C91BC942}") = "Zadatak06", "Zadatak06\Zadatak06.vcxproj", "{585366F2-4613-4879-9715-520DF35A7FC2}"
EndProject
Project("{8BC9CEB8-8B4A-11D0-8D11-00A0C91BC942}") = "Zadatak07", "Zadatak07\Zadatak07.vcxproj", "{17D94246-5164-483F-BE9F-A1B21BD0E443}"
EndProject
Project("{8BC9CEB8-8B4A-11D0-8D11-00A0C91BC942}") = "Zadatak08", "Zadatak08\Zadatak08.vcxproj", "{FE46BFC8-A6FB-4EAC-A1CF-4B5DB03A2652}"
EndProject
Project("{8BC9CEB8-8B4A-11D0-8D11-00A0C91BC942}") = "Zadatak09", "Zadatak09\Zadatak09.vcxproj", "{DE55C34A-1BC9-4B12-9376-7EB929687C97}"
EndProject
Project("{8BC9CEB8-8B4A-11D0-8D11-00A0C91BC942}") = "Zadatak10", "Zadatak10\Zadatak10.vcxproj", "{8E88DE09-B632-47F4-8BA8-38E5E4A19A50}"
EndProject
Project("{8BC9CEB8-8B4A-11D0-8D11-00A0C91BC942}") = "Zadatak11", "Zadatak11\Zadatak11.vcxproj", "{76667897-D211-4AD3-A3A6-D67C0F0C0FF1}"
EndProject
Project("{8BC9CEB8-8B4A-11D0-8D11-00A0C91BC942}") = "Zadatak12", "Zadatak12\Zadatak12.vcxproj", "{4D028553-85D7-419E-8B90-CF220B4B8773}"
EndProject
Project("{8BC9CEB8-8B4A-11D0-8D11-00A0C91BC942}") = "Zadatak13", "Zadatak13\Zadatak13.vcxproj", "{B0C49580-3129-4466-AC8E-C5A8191BEB35}"
EndProject
Project("{8BC9CEB8-8B4A-11D0-8D11-00A0C91BC942}") = "Zadatak14", "Zadatak14\Zadatak14.vcxproj", "{A15F4B6C-F46D-4837-A97D-C92B0D759A46}"
EndProject
Global
	GlobalSection(SolutionConfigurationPlatforms) = preSolution
		Debug|x64 = Debug|x64
		Debug|x86 = Debug|x86
		Release|x64 = Release|x64
		Release|x86 = Release|x86
	EndGlobalSection
	GlobalSection(ProjectConfigurationPlatforms) = postSolution
		{288CEA50-9899-41DE-A72C-B8D3BB5941F2}.Debug|x64.ActiveCfg = Debug|x64
		{288CEA50-9899-41DE-A72C-B8D3BB5941F2}.Debug|x64.Build.0 = Debug|x64
		{288CEA50-9899-41DE-A72C-B8D3BB5941F2}.Debug|x86.ActiveCfg = Debug|Win32
		{288CEA50-9899-41DE-A72C-B8D3BB5941F2}.Debug|x86.Build.0 = Debug|Win32
		{288CEA50-9899-41DE-A72C-B8D3BB5941F2}.Release|x64.ActiveCfg = Release|x64
		{288CEA50-9899-41DE-A72C-B8D3BB5941F2}.Release|x64.Build.0 = Release|x64
		{288CEA50-9899-41DE-A72C-B8D3BB5941F2}.Release|x86.ActiveCfg = Release|Win32
		{288CEA50-9899-41DE-A72C-B8D3BB5941F2}.Release|x86.Build.0 = Release|Win32
		{1D049DD1-05C9-415B-A808-E11B42E36445}.Debug|x64.ActiveCfg = Debug|x64
		{1D049DD1-05C9-415B-A808-E11B42E36445}.Debug|x64.Build.0 = Debug|x64
		{1D049DD1-05C9-415B-A808-E11B42E36445}.Debug|x86.ActiveCfg = Debug|Win32
		{1D049DD1-05C9-415B-A808-E11B42E36445}.Debug|x86.Build.0 = Debug|Win32
		{1D049DD1-05C9-415B-A808-E11B42E36445}.Release|x64.ActiveCfg = Release|x64
		{1D049DD1-05C9-415B-A808-E11B42E36445}.Release|x64.Build.0 = Release|x64
		{1D049DD1-05C9-415B-A808-E11B42E36445}.Release|x86.ActiveCfg = Release|Win32
		{1D049DD1-05C9-415B-A808-E11B42E36445}.Release|x86.Build.0 = Release|Win32
		{B37B0F50-2FE5-428E-8739-EE6F7A597590}.Debug|x64.ActiveCfg = Debug|x64
		{B37B0F50-2FE5-428E-8739-EE6F7A597590}.Debug|x64.Build.0 = Debug|x64
		{B37B0F50-2FE5-428E-8739-EE6F7A597590}.Debug|x86.ActiveCfg = Debug|Win32
		{B37B0F50-2FE5-428E-8739-EE6F7A597590}.Debug|x86.Build.0 = Debug|Win32
		{B37B0F50-2FE5-428E-8739-EE6F7A597590}.Release|x64.ActiveCfg = Release|x64
		{B37B0F50-2FE5-428E-8739-EE6F7A597590}.Release|x64.Build.0 = Release|x64
		{B37B0F50-2FE5-428E-8739-EE6F7A597590}.Release|x86.ActiveCfg = Release|Win32
		{B37B0F50-2FE5-428E-8739-EE6F7A597590}.Release|x86.Build.0 = Release|Win32
		{39BAAC82-71C0-405D-82BE-837DB75E4B3B}.Debug|x64.ActiveCfg = Debug|x64
		{39BAAC82-71C0-405D-82BE-837DB75E4B3B}.Debug|x64.Build.0 = Debug|x64
		{39BAAC82-71C0-405D-82BE-837DB75E4B3B}.Debug|x86.ActiveCfg = Debug|Win32
		{39BAAC82-71C0-405D-82BE-837DB75E4B3B}.Debug|x86.Build.0 = Debug|Win32
		{39BAAC82-71C0-405D-82BE-837DB75E4B3B}.Release|x64.ActiveCfg = Release|x64
		{39BAAC82-71C0-405D-82BE-837DB75E4B3B}.Release|x64.Build.0 = Release|x64
		{39BAAC82-71C0-405D-82BE-837DB75E4B3B}.Release|x86.ActiveCfg = Release|Win32
		{39BAAC82-71C0-405D-82BE-837DB75E4B3B}.Release|x86.Build.0 = Release|Win32
		{D10D89D0-0AC7-4824-BF4A-58E40D6D9909}.Debug|x64.ActiveCfg = Debug|x64
		{D10D89D0-0AC7-4824-BF4A-58E40D6D9909}.Debug|x64.Build.0 = Debug|x64
		{D10D89D0-0AC7-4824-BF4A-58E40D6D9909}.Debug|x86.ActiveCfg = Debug|Win32
		{D10D89D0-0AC7-4824-BF4A-58E40D6D9909}.Debug|x86.Build.0 = Debug|Win32
		{D10D89D0-0AC7-4824-BF4A-58E40D6D9909}.Release|x64.ActiveCfg = Release|x64
		{D10D89D0-0AC7-4824-BF4A-58E40D6D9909}.Release|x64.Build.0 = Release|x64
		{D10D89D0-0AC7-4824-BF4A-58E40D6D9909}.Release|x86.ActiveCfg = Release|Win32
		{D10D89D0-0AC7-4824-BF4A-58E40D6D9909}.Release|x86.Build.0 = Release|Win32
		{585366F2-4613-4879-9715-520DF35A7FC2}.Debug|x64.ActiveCfg = Debug|x64
		{585366F2-4613-4879-9715-520DF35A7FC2}.Debug|x64.Build.0 = Debug|x64
		{585366F2-4613-4879-9715-520DF35A7FC2}.Debug|x86.ActiveCfg = Debug|Win32
		{585366F2-4613-4879-9715-520DF35A7FC2}.Debug|x86.Build.0 = Debug|Win32
		{585366F2-4613-4879-9715-520DF35A7FC2}.Release|x64.ActiveCfg = Release|x64
		{585366F2-4613-4879-9715-520DF35A7FC2}.Release|x64.Build.0 = Release|x64
		{585366F2-4613-4879-9715-520DF35A7FC2}.Release|x86.ActiveCfg = Release|Win32
		{585366F2-4613-4879-9715-520DF35A7FC2}.Release|x86.Build.0 = Release|Win32
		{17D94246-5164-483F-BE9F-A1B21BD0E443}.Debug|x64.ActiveCfg = Debug|x64
		{17D94246-5164-483F-BE9F-A1B21BD0E443}.Debug|x64.Build.0 = Debug|x64
		{17D94246-5164-483F-BE9F-A1B21BD0E443}.Debug|x86.ActiveCfg = Debug|Win32
		{17D94246-5164-483F-BE9F-A1B21BD0E443}.Debug|x86.Build.0 = Debug|Win32
		{17D94246-5164-483F-BE9F-A1B21BD0E443}.Release|x64.ActiveCfg = Release|x64
		{17D94246-5164-483F-BE9F-A1B21BD0E443}.Release|x64.Build.0 = Release|x64
		{17D94246-5164-483F-BE9F-A1B21BD0E443}.Release|x86.ActiveCfg = Release|Win32
		{17D94246-5164-483F-BE9F-A1B21BD0E443}.Release|x86.Build.0 = Release|Win32
		{FE46BFC8-A6FB-4EAC-A1CF-4B5DB03A2652}.Debug|x64.ActiveCfg = Debug|x64
		{FE46BFC8-A6FB-4EAC-A1CF-4B5DB03A2652}.Debug|x64.Build.0 = Debug|x64
		{FE46BFC8-A6FB-4EAC-A1CF-4B5DB03A2652}.Debug|x86.ActiveCfg = Debug|Win32
		{FE46BFC8-A6FB-4EAC-A1CF-4B5DB03A2652}.Debug|x86.Build.0 = Debug|Win32
		{FE46BFC8-A6FB-4EAC-A1CF-4B5DB03A2652}.Release|x64.ActiveCfg = Release|x64
		{FE46BFC8-A6FB-4EAC-A1CF-4B5DB03A2652}.Release|x64.Build.0 = Release|x64
		{FE46BFC8-A6FB-4EAC-A1CF-4B5DB03A2652}.Release|x86.ActiveCfg = Release|Win32
		{FE46BFC8-A6FB-4EAC-A1CF-4B5DB03A2652}.Release|x86.Build.0 = Release|Win32
		{DE55C34A-1BC9-4B12-9376-7EB929687C97}.Debug|x64.ActiveCfg = Debug|x64
		{DE55C34A-1BC9-4B12-9376-7EB929687C97}.Debug|x64.Build.0 = Debug|x64
		{DE55C34A-1BC9-4B12-9376-7EB929687C97}.Debug|x86.ActiveCfg = Debug|Win32
		{DE55C34A-1BC9-4B12-9376-7EB929687C97}.Debug|x86.Build.0 = Debug|Win32
		{DE55C34A-1BC9-4B12-9376-7EB929687C97}.Release|x64.ActiveCfg = Release|x64
		{DE55C34A-1BC9-4B12-9376-7EB929687C97}.Release|x64.Build.0 = Release|x64
		{DE55C34A-1BC9-4B12-9376-7EB929687C97}.Release|x86.ActiveCfg = Release|Win32
		{DE55C34A-1BC9-4B12-9376-7EB929687C97}.Release|x86.Build.0 = Release|Win32
		{8E88DE09-B632-47F4-8BA8-38E5E4A19A50}.Debug|x64.ActiveCfg = Debug|x64
		{8E88DE09-B632-47F4-8BA8-38E5E4A19A50}.Debug|x64.Build.0 = Debug|x64
		{8E88DE09-B632-47F4-8BA8-38E5E4A19A50}.Debug|x86.ActiveCfg = Debug|Win32
		{8E88DE09-B632-47F4-8BA8-38E5E4A19A50}.Debug|x86.Build.0 = Debug|Win32
		{8E88DE09-B632-47F4-8BA8-38E5E4A19A50}.Release|x64.ActiveCfg = Release|x64
		{8E88DE09-B632-47F4-8BA8-38E5E4A19A50}.Release|x64.Build.0 = Release|x64
		{8E88DE09-B632-47F4-8BA8-38E5E4A19A50}.Release|x86.ActiveCfg = Release|Win32
		{8E88DE09-B632-47F4-8BA8-38E5E4A19A50}.Release|x86.Build.0 = Release|Win32
		{76667897-D211-4AD3-A3A6-D67C0F0C0FF1}.Debug|x64.ActiveCfg = Debug|x64
		{76667897-D211-4AD3-A3A6-D67C0F0C0FF1}.Debug|x64.Build.0 = Debug|x64
		{76667897-D211-4AD3-A3A6-D67C0F0C0FF1}.Debug|x86.ActiveCfg = Debug|Win32
		{76667897-D211-4AD3-A3A6-D67C0F0C0FF1}.Debug|x86.Build.0 = Debug|Win32
		{76667897-D211-4AD3-A3A6-D67C0F0C0FF1}.Release|x64.ActiveCfg = Release|x64
		{76667897-D211-4AD3-A3A6-D67C0F0C0FF1}.Release|x64.Build.0 = Release|x64
		{76667897-D211-4AD3-A3A6-D67C0F0C0FF1}.Release|x86.ActiveCfg = Release|Win32
		{76667897-D211-4AD3-A3A6-D67C0F0C0FF1}.Release|x86.Build.0 = Release|Win32
		{4D028553-85D7-419E-8B90-CF220B4B8773}.Debug|x64.ActiveCfg = Debug|x64
		{4D028553-85D7-419E-8B90-CF220B4B8773}.Debug|x64.Build.0 = Debug|x64
		{4D028553-85D7-419E-8B90-CF220B4B8773}.Debug|x86.ActiveCfg = Debug|Win32
		{4D028553-85D7-419E-8B90-CF220B4B8773}.Debug|x86.Build.0 = Debug|Win32
		{4D028553-85D7-419E-8B90-CF220B4B8773}.Release|x64.ActiveCfg = Release|x64
		{4D028553-85D7-419E-8B90-CF220B4B8773}.Release|x64.Build.0 = Release|x64
		{4D028553-85D7-419E-8B90-CF220B4B8773}.Release|x86.ActiveCfg = Release|Win32
		{4D028553-85D7-419E-8B90-CF220B4B8773}.Release|x86.Build.0 = Release|Win32
		{B0C49580-3129-4466-AC8E-C5A8191BEB35}.Debug|x64.ActiveCfg = Debug|x64
		{B0C49580-3129-4466-AC8E-C5A8191BEB35}.Debug|x64.Build.0 = Debug|x64
		{B0C49580-3129-4466-AC8E-C5A8191BEB35}.Debug|x86.ActiveCfg = Debug|Win32
		{B0C49580-3129-4466-AC8E-C5A8191BEB35}.Debug|x86.Build.0 = Debug|Win32
		{B0C49580-3129-4466-AC8E-C5A8191BEB35}.Release|x64.ActiveCfg = Release|x64
		{B0C49580-3129-4466-AC8E-C5A8191BEB35}.Release|x64.Build.0 = Release|x64
		{B0C49580-3129-4466-AC8E-C5A8191BEB35}.Release|x86.ActiveCfg = Release|Win32
		{B0C49580-3129-4466-AC8E-C5A8191BEB35}.Release|x86.Build.0 = Release|Win32
		{A15F4B6C-F46D-4837-A97D-C92B0D759A46}.Debug|x64.ActiveCfg = Debug|x64
		{A15F4B6C-F46D-4837-A97D-C92B0D759A46}.Debug|x64.Build.0 = Debug|x64
		{A15F4B6C-F46D-4837-A97D-C92B0D759A46}.Debug|x86.ActiveCfg = Debug|Win32
		{A15F4B6C-F46D-4837-A97D-C92B0D759A46}.Debug|x86.Build.0 = Debug|Win32
		{A15F4B6C-F46D-4837-A97D-C92B0D759A46}.Release|x64.ActiveCfg = Release|x64
		{A15F4B6C-F46D-4837-A97D-C92B0D759A46}.Release|x64.Build.0 = Release|x64
		{A15F4B6C-F46D-4837-A97D-C92B0D759A46}.Release|x86.ActiveCfg = Release|Win32
		{A15F4B6C-F46D-4837-A97D-C92B0D759A46}.Release|x86.Build.0 = Release|Win32
	EndGlobalSection
	GlobalSection(SolutionProperties) = preSolution
		HideSolutionNode = FALSE
	EndGlobalSection
	GlobalSection(ExtensibilityGlobals) = postSolution
		SolutionGuid = {9F8FA520-4AC0-463E-86DA-7ACB24906197}
	EndGlobalSection
EndGlobal
