
Microsoft Visual Studio Solution File, Format Version 12.00
# Visual Studio 15
VisualStudioVersion = 15.0.27130.2010
MinimumVisualStudioVersion = 10.0.40219.1
Project("{8BC9CEB8-8B4A-11D0-8D11-00A0C91BC942}") = "Zadatak01", "Zadatak01\Zadatak01.vcxproj", "{1F1FFFE0-410A-461D-9EF4-C50C3444C0F2}"
EndProject
Project("{8BC9CEB8-8B4A-11D0-8D11-00A0C91BC942}") = "Zadatak02", "Zadatak02\Zadatak02.vcxproj", "{7C1CF76F-02C9-4E8A-8F6E-7243EC199E56}"
EndProject
Project("{8BC9CEB8-8B4A-11D0-8D11-00A0C91BC942}") = "Zadatak03", "Zadatak03\Zadatak03.vcxproj", "{1DE0C9F1-1B4A-4358-BCEF-E8334FA2EB25}"
EndProject
Project("{8BC9CEB8-8B4A-11D0-8D11-00A0C91BC942}") = "Zadatak04", "Zadatak04\Zadatak04.vcxproj", "{76EEA812-06BE-475A-9685-252E91300130}"
EndProject
Project("{8BC9CEB8-8B4A-11D0-8D11-00A0C91BC942}") = "Zadatak05", "Zadatak05\Zadatak05.vcxproj", "{1C3DDB9B-7F18-416B-9B9F-5ADF4FA291C6}"
EndProject
Project("{8BC9CEB8-8B4A-11D0-8D11-00A0C91BC942}") = "Zadatak06", "Zadatak06\Zadatak06.vcxproj", "{1E69E53F-315C-4C6F-89FA-91C4774C5B87}"
EndProject
Project("{8BC9CEB8-8B4A-11D0-8D11-00A0C91BC942}") = "Zadatak07", "Zadatak07\Zadatak07.vcxproj", "{33D41819-282D-453C-8941-3D0CC94CA3E7}"
EndProject
Project("{8BC9CEB8-8B4A-11D0-8D11-00A0C91BC942}") = "Zadatak08", "Zadatak08\Zadatak08.vcxproj", "{6130B031-48FB-4887-9F84-6D6C4834F9B8}"
EndProject
Project("{8BC9CEB8-8B4A-11D0-8D11-00A0C91BC942}") = "Zadatak09", "Zadatak09\Zadatak09.vcxproj", "{282FA2AF-A5C9-452B-B6B9-EC5D3715E93F}"
EndProject
Project("{8BC9CEB8-8B4A-11D0-8D11-00A0C91BC942}") = "Zadatak10", "Zadatak10\Zadatak10.vcxproj", "{41035FE4-0ECA-45BD-9336-10BAEC61C02B}"
EndProject
Project("{8BC9CEB8-8B4A-11D0-8D11-00A0C91BC942}") = "Zadatak11", "Zadatak11\Zadatak11.vcxproj", "{F3FF773D-1644-4AC4-B2E2-C391251AA239}"
EndProject
Global
	GlobalSection(SolutionConfigurationPlatforms) = preSolution
		Debug|x64 = Debug|x64
		Debug|x86 = Debug|x86
		Release|x64 = Release|x64
		Release|x86 = Release|x86
	EndGlobalSection
	GlobalSection(ProjectConfigurationPlatforms) = postSolution
		{1F1FFFE0-410A-461D-9EF4-C50C3444C0F2}.Debug|x64.ActiveCfg = Debug|x64
		{1F1FFFE0-410A-461D-9EF4-C50C3444C0F2}.Debug|x64.Build.0 = Debug|x64
		{1F1FFFE0-410A-461D-9EF4-C50C3444C0F2}.Debug|x86.ActiveCfg = Debug|Win32
		{1F1FFFE0-410A-461D-9EF4-C50C3444C0F2}.Debug|x86.Build.0 = Debug|Win32
		{1F1FFFE0-410A-461D-9EF4-C50C3444C0F2}.Release|x64.ActiveCfg = Release|x64
		{1F1FFFE0-410A-461D-9EF4-C50C3444C0F2}.Release|x64.Build.0 = Release|x64
		{1F1FFFE0-410A-461D-9EF4-C50C3444C0F2}.Release|x86.ActiveCfg = Release|Win32
		{1F1FFFE0-410A-461D-9EF4-C50C3444C0F2}.Release|x86.Build.0 = Release|Win32
		{7C1CF76F-02C9-4E8A-8F6E-7243EC199E56}.Debug|x64.ActiveCfg = Debug|x64
		{7C1CF76F-02C9-4E8A-8F6E-7243EC199E56}.Debug|x64.Build.0 = Debug|x64
		{7C1CF76F-02C9-4E8A-8F6E-7243EC199E56}.Debug|x86.ActiveCfg = Debug|Win32
		{7C1CF76F-02C9-4E8A-8F6E-7243EC199E56}.Debug|x86.Build.0 = Debug|Win32
		{7C1CF76F-02C9-4E8A-8F6E-7243EC199E56}.Release|x64.ActiveCfg = Release|x64
		{7C1CF76F-02C9-4E8A-8F6E-7243EC199E56}.Release|x64.Build.0 = Release|x64
		{7C1CF76F-02C9-4E8A-8F6E-7243EC199E56}.Release|x86.ActiveCfg = Release|Win32
		{7C1CF76F-02C9-4E8A-8F6E-7243EC199E56}.Release|x86.Build.0 = Release|Win32
		{1DE0C9F1-1B4A-4358-BCEF-E8334FA2EB25}.Debug|x64.ActiveCfg = Debug|x64
		{1DE0C9F1-1B4A-4358-BCEF-E8334FA2EB25}.Debug|x64.Build.0 = Debug|x64
		{1DE0C9F1-1B4A-4358-BCEF-E8334FA2EB25}.Debug|x86.ActiveCfg = Debug|Win32
		{1DE0C9F1-1B4A-4358-BCEF-E8334FA2EB25}.Debug|x86.Build.0 = Debug|Win32
		{1DE0C9F1-1B4A-4358-BCEF-E8334FA2EB25}.Release|x64.ActiveCfg = Release|x64
		{1DE0C9F1-1B4A-4358-BCEF-E8334FA2EB25}.Release|x64.Build.0 = Release|x64
		{1DE0C9F1-1B4A-4358-BCEF-E8334FA2EB25}.Release|x86.ActiveCfg = Release|Win32
		{1DE0C9F1-1B4A-4358-BCEF-E8334FA2EB25}.Release|x86.Build.0 = Release|Win32
		{76EEA812-06BE-475A-9685-252E91300130}.Debug|x64.ActiveCfg = Debug|x64
		{76EEA812-06BE-475A-9685-252E91300130}.Debug|x64.Build.0 = Debug|x64
		{76EEA812-06BE-475A-9685-252E91300130}.Debug|x86.ActiveCfg = Debug|Win32
		{76EEA812-06BE-475A-9685-252E91300130}.Debug|x86.Build.0 = Debug|Win32
		{76EEA812-06BE-475A-9685-252E91300130}.Release|x64.ActiveCfg = Release|x64
		{76EEA812-06BE-475A-9685-252E91300130}.Release|x64.Build.0 = Release|x64
		{76EEA812-06BE-475A-9685-252E91300130}.Release|x86.ActiveCfg = Release|Win32
		{76EEA812-06BE-475A-9685-252E91300130}.Release|x86.Build.0 = Release|Win32
		{1C3DDB9B-7F18-416B-9B9F-5ADF4FA291C6}.Debug|x64.ActiveCfg = Debug|x64
		{1C3DDB9B-7F18-416B-9B9F-5ADF4FA291C6}.Debug|x64.Build.0 = Debug|x64
		{1C3DDB9B-7F18-416B-9B9F-5ADF4FA291C6}.Debug|x86.ActiveCfg = Debug|Win32
		{1C3DDB9B-7F18-416B-9B9F-5ADF4FA291C6}.Debug|x86.Build.0 = Debug|Win32
		{1C3DDB9B-7F18-416B-9B9F-5ADF4FA291C6}.Release|x64.ActiveCfg = Release|x64
		{1C3DDB9B-7F18-416B-9B9F-5ADF4FA291C6}.Release|x64.Build.0 = Release|x64
		{1C3DDB9B-7F18-416B-9B9F-5ADF4FA291C6}.Release|x86.ActiveCfg = Release|Win32
		{1C3DDB9B-7F18-416B-9B9F-5ADF4FA291C6}.Release|x86.Build.0 = Release|Win32
		{1E69E53F-315C-4C6F-89FA-91C4774C5B87}.Debug|x64.ActiveCfg = Debug|x64
		{1E69E53F-315C-4C6F-89FA-91C4774C5B87}.Debug|x64.Build.0 = Debug|x64
		{1E69E53F-315C-4C6F-89FA-91C4774C5B87}.Debug|x86.ActiveCfg = Debug|Win32
		{1E69E53F-315C-4C6F-89FA-91C4774C5B87}.Debug|x86.Build.0 = Debug|Win32
		{1E69E53F-315C-4C6F-89FA-91C4774C5B87}.Release|x64.ActiveCfg = Release|x64
		{1E69E53F-315C-4C6F-89FA-91C4774C5B87}.Release|x64.Build.0 = Release|x64
		{1E69E53F-315C-4C6F-89FA-91C4774C5B87}.Release|x86.ActiveCfg = Release|Win32
		{1E69E53F-315C-4C6F-89FA-91C4774C5B87}.Release|x86.Build.0 = Release|Win32
		{33D41819-282D-453C-8941-3D0CC94CA3E7}.Debug|x64.ActiveCfg = Debug|x64
		{33D41819-282D-453C-8941-3D0CC94CA3E7}.Debug|x64.Build.0 = Debug|x64
		{33D41819-282D-453C-8941-3D0CC94CA3E7}.Debug|x86.ActiveCfg = Debug|Win32
		{33D41819-282D-453C-8941-3D0CC94CA3E7}.Debug|x86.Build.0 = Debug|Win32
		{33D41819-282D-453C-8941-3D0CC94CA3E7}.Release|x64.ActiveCfg = Release|x64
		{33D41819-282D-453C-8941-3D0CC94CA3E7}.Release|x64.Build.0 = Release|x64
		{33D41819-282D-453C-8941-3D0CC94CA3E7}.Release|x86.ActiveCfg = Release|Win32
		{33D41819-282D-453C-8941-3D0CC94CA3E7}.Release|x86.Build.0 = Release|Win32
		{6130B031-48FB-4887-9F84-6D6C4834F9B8}.Debug|x64.ActiveCfg = Debug|x64
		{6130B031-48FB-4887-9F84-6D6C4834F9B8}.Debug|x64.Build.0 = Debug|x64
		{6130B031-48FB-4887-9F84-6D6C4834F9B8}.Debug|x86.ActiveCfg = Debug|Win32
		{6130B031-48FB-4887-9F84-6D6C4834F9B8}.Debug|x86.Build.0 = Debug|Win32
		{6130B031-48FB-4887-9F84-6D6C4834F9B8}.Release|x64.ActiveCfg = Release|x64
		{6130B031-48FB-4887-9F84-6D6C4834F9B8}.Release|x64.Build.0 = Release|x64
		{6130B031-48FB-4887-9F84-6D6C4834F9B8}.Release|x86.ActiveCfg = Release|Win32
		{6130B031-48FB-4887-9F84-6D6C4834F9B8}.Release|x86.Build.0 = Release|Win32
		{282FA2AF-A5C9-452B-B6B9-EC5D3715E93F}.Debug|x64.ActiveCfg = Debug|x64
		{282FA2AF-A5C9-452B-B6B9-EC5D3715E93F}.Debug|x64.Build.0 = Debug|x64
		{282FA2AF-A5C9-452B-B6B9-EC5D3715E93F}.Debug|x86.ActiveCfg = Debug|Win32
		{282FA2AF-A5C9-452B-B6B9-EC5D3715E93F}.Debug|x86.Build.0 = Debug|Win32
		{282FA2AF-A5C9-452B-B6B9-EC5D3715E93F}.Release|x64.ActiveCfg = Release|x64
		{282FA2AF-A5C9-452B-B6B9-EC5D3715E93F}.Release|x64.Build.0 = Release|x64
		{282FA2AF-A5C9-452B-B6B9-EC5D3715E93F}.Release|x86.ActiveCfg = Release|Win32
		{282FA2AF-A5C9-452B-B6B9-EC5D3715E93F}.Release|x86.Build.0 = Release|Win32
		{41035FE4-0ECA-45BD-9336-10BAEC61C02B}.Debug|x64.ActiveCfg = Debug|x64
		{41035FE4-0ECA-45BD-9336-10BAEC61C02B}.Debug|x64.Build.0 = Debug|x64
		{41035FE4-0ECA-45BD-9336-10BAEC61C02B}.Debug|x86.ActiveCfg = Debug|Win32
		{41035FE4-0ECA-45BD-9336-10BAEC61C02B}.Debug|x86.Build.0 = Debug|Win32
		{41035FE4-0ECA-45BD-9336-10BAEC61C02B}.Release|x64.ActiveCfg = Release|x64
		{41035FE4-0ECA-45BD-9336-10BAEC61C02B}.Release|x64.Build.0 = Release|x64
		{41035FE4-0ECA-45BD-9336-10BAEC61C02B}.Release|x86.ActiveCfg = Release|Win32
		{41035FE4-0ECA-45BD-9336-10BAEC61C02B}.Release|x86.Build.0 = Release|Win32
		{F3FF773D-1644-4AC4-B2E2-C391251AA239}.Debug|x64.ActiveCfg = Debug|x64
		{F3FF773D-1644-4AC4-B2E2-C391251AA239}.Debug|x64.Build.0 = Debug|x64
		{F3FF773D-1644-4AC4-B2E2-C391251AA239}.Debug|x86.ActiveCfg = Debug|Win32
		{F3FF773D-1644-4AC4-B2E2-C391251AA239}.Debug|x86.Build.0 = Debug|Win32
		{F3FF773D-1644-4AC4-B2E2-C391251AA239}.Release|x64.ActiveCfg = Release|x64
		{F3FF773D-1644-4AC4-B2E2-C391251AA239}.Release|x64.Build.0 = Release|x64
		{F3FF773D-1644-4AC4-B2E2-C391251AA239}.Release|x86.ActiveCfg = Release|Win32
		{F3FF773D-1644-4AC4-B2E2-C391251AA239}.Release|x86.Build.0 = Release|Win32
	EndGlobalSection
	GlobalSection(SolutionProperties) = preSolution
		HideSolutionNode = FALSE
	EndGlobalSection
	GlobalSection(ExtensibilityGlobals) = postSolution
		SolutionGuid = {99A2307C-4529-4A92-AECB-CDA5C2F2C82E}
	EndGlobalSection
EndGlobal
