
Microsoft Visual Studio Solution File, Format Version 12.00
# Visual Studio 15
VisualStudioVersion = 15.0.28307.489
MinimumVisualStudioVersion = 10.0.40219.1
Project("{8BC9CEB8-8B4A-11D0-8D11-00A0C91BC942}") = "Zadatak01", "Zadatak01\Zadatak01.vcxproj", "{436B4617-0742-4471-8919-06D176B7EA63}"
EndProject
Project("{8BC9CEB8-8B4A-11D0-8D11-00A0C91BC942}") = "Zadatak02", "Zadatak02\Zadatak02.vcxproj", "{1F6BCB75-F5DC-4200-8411-047290B30D78}"
EndProject
Project("{8BC9CEB8-8B4A-11D0-8D11-00A0C91BC942}") = "Zadatak03", "Zadatak03\Zadatak03.vcxproj", "{2E53A488-404F-478C-85B7-82F4A2EB93E8}"
EndProject
Global
	GlobalSection(SolutionConfigurationPlatforms) = preSolution
		Debug|x64 = Debug|x64
		Debug|x86 = Debug|x86
		Release|x64 = Release|x64
		Release|x86 = Release|x86
	EndGlobalSection
	GlobalSection(ProjectConfigurationPlatforms) = postSolution
		{436B4617-0742-4471-8919-06D176B7EA63}.Debug|x64.ActiveCfg = Debug|x64
		{436B4617-0742-4471-8919-06D176B7EA63}.Debug|x64.Build.0 = Debug|x64
		{436B4617-0742-4471-8919-06D176B7EA63}.Debug|x86.ActiveCfg = Debug|Win32
		{436B4617-0742-4471-8919-06D176B7EA63}.Debug|x86.Build.0 = Debug|Win32
		{436B4617-0742-4471-8919-06D176B7EA63}.Release|x64.ActiveCfg = Release|x64
		{436B4617-0742-4471-8919-06D176B7EA63}.Release|x64.Build.0 = Release|x64
		{436B4617-0742-4471-8919-06D176B7EA63}.Release|x86.ActiveCfg = Release|Win32
		{436B4617-0742-4471-8919-06D176B7EA63}.Release|x86.Build.0 = Release|Win32
		{1F6BCB75-F5DC-4200-8411-047290B30D78}.Debug|x64.ActiveCfg = Debug|x64
		{1F6BCB75-F5DC-4200-8411-047290B30D78}.Debug|x64.Build.0 = Debug|x64
		{1F6BCB75-F5DC-4200-8411-047290B30D78}.Debug|x86.ActiveCfg = Debug|Win32
		{1F6BCB75-F5DC-4200-8411-047290B30D78}.Debug|x86.Build.0 = Debug|Win32
		{1F6BCB75-F5DC-4200-8411-047290B30D78}.Release|x64.ActiveCfg = Release|x64
		{1F6BCB75-F5DC-4200-8411-047290B30D78}.Release|x64.Build.0 = Release|x64
		{1F6BCB75-F5DC-4200-8411-047290B30D78}.Release|x86.ActiveCfg = Release|Win32
		{1F6BCB75-F5DC-4200-8411-047290B30D78}.Release|x86.Build.0 = Release|Win32
		{2E53A488-404F-478C-85B7-82F4A2EB93E8}.Debug|x64.ActiveCfg = Debug|x64
		{2E53A488-404F-478C-85B7-82F4A2EB93E8}.Debug|x64.Build.0 = Debug|x64
		{2E53A488-404F-478C-85B7-82F4A2EB93E8}.Debug|x86.ActiveCfg = Debug|Win32
		{2E53A488-404F-478C-85B7-82F4A2EB93E8}.Debug|x86.Build.0 = Debug|Win32
		{2E53A488-404F-478C-85B7-82F4A2EB93E8}.Release|x64.ActiveCfg = Release|x64
		{2E53A488-404F-478C-85B7-82F4A2EB93E8}.Release|x64.Build.0 = Release|x64
		{2E53A488-404F-478C-85B7-82F4A2EB93E8}.Release|x86.ActiveCfg = Release|Win32
		{2E53A488-404F-478C-85B7-82F4A2EB93E8}.Release|x86.Build.0 = Release|Win32
	EndGlobalSection
	GlobalSection(SolutionProperties) = preSolution
		HideSolutionNode = FALSE
	EndGlobalSection
	GlobalSection(ExtensibilityGlobals) = postSolution
		SolutionGuid = {E0754B01-0B28-44D8-A28C-B558C74C001F}
	EndGlobalSection
EndGlobal
