
Microsoft Visual Studio Solution File, Format Version 12.00
# Visual Studio 15
VisualStudioVersion = 15.0.27130.2010
MinimumVisualStudioVersion = 10.0.40219.1
Project("{8BC9CEB8-8B4A-11D0-8D11-00A0C91BC942}") = "Primjer01", "Primjer01\Primjer01.vcxproj", "{55209D49-326C-4C8F-98D1-48D0D5FA881B}"
EndProject
Project("{8BC9CEB8-8B4A-11D0-8D11-00A0C91BC942}") = "Primjer02", "Primjer02\Primjer02.vcxproj", "{6DBC825F-26BF-4CF8-9D59-69A4A056662E}"
EndProject
Project("{8BC9CEB8-8B4A-11D0-8D11-00A0C91BC942}") = "Primjer03", "Primjer03\Primjer03.vcxproj", "{A60BA68E-C673-4FFA-B74F-EC3515821A21}"
EndProject
Project("{8BC9CEB8-8B4A-11D0-8D11-00A0C91BC942}") = "Primjer04", "Primjer04\Primjer04.vcxproj", "{788D358A-6493-46C6-9036-9CC1783FC6FB}"
EndProject
Project("{8BC9CEB8-8B4A-11D0-8D11-00A0C91BC942}") = "Zadatak01", "Zadatak01\Zadatak01.vcxproj", "{DA2F4C6C-7E20-456E-9728-15282E55C9E2}"
EndProject
Project("{8BC9CEB8-8B4A-11D0-8D11-00A0C91BC942}") = "Zadatak02", "Zadatak02\Zadatak02.vcxproj", "{ED095BCC-04E3-45C7-81F7-2A68DF9E50A6}"
EndProject
Project("{8BC9CEB8-8B4A-11D0-8D11-00A0C91BC942}") = "Zadatak03", "Zadatak03\Zadatak03.vcxproj", "{58375C2E-95F7-4B25-9972-AE2AAAEECC3C}"
EndProject
Project("{8BC9CEB8-8B4A-11D0-8D11-00A0C91BC942}") = "Zadatak04", "Zadatak04\Zadatak04.vcxproj", "{C4A3C8A8-279D-4F90-BACE-E90099DA4295}"
EndProject
Project("{8BC9CEB8-8B4A-11D0-8D11-00A0C91BC942}") = "Zadatak05", "Zadatak05\Zadatak05.vcxproj", "{33BB1112-BCBE-4B9C-BE75-8E1CA708FF8C}"
EndProject
Project("{8BC9CEB8-8B4A-11D0-8D11-00A0C91BC942}") = "Zadatak06", "Zadatak06\Zadatak06.vcxproj", "{8A13C90D-5E4D-4665-88D3-78C6FA1455B6}"
EndProject
Project("{8BC9CEB8-8B4A-11D0-8D11-00A0C91BC942}") = "Zadatak07", "Zadatak07\Zadatak07.vcxproj", "{612C9A83-89A4-46DB-BAC0-AC127C8F5039}"
EndProject
Project("{8BC9CEB8-8B4A-11D0-8D11-00A0C91BC942}") = "Zadatak08", "Zadatak08\Zadatak08.vcxproj", "{A4C506CC-DEE3-4A68-9C02-D1D4B3ADB3B0}"
EndProject
Project("{8BC9CEB8-8B4A-11D0-8D11-00A0C91BC942}") = "Zadatak09", "Zadatak09\Zadatak09.vcxproj", "{CFB963EE-D3B9-4B2B-A4D2-07B066FC8E42}"
EndProject
Global
	GlobalSection(SolutionConfigurationPlatforms) = preSolution
		Debug|x64 = Debug|x64
		Debug|x86 = Debug|x86
		Release|x64 = Release|x64
		Release|x86 = Release|x86
	EndGlobalSection
	GlobalSection(ProjectConfigurationPlatforms) = postSolution
		{55209D49-326C-4C8F-98D1-48D0D5FA881B}.Debug|x64.ActiveCfg = Debug|x64
		{55209D49-326C-4C8F-98D1-48D0D5FA881B}.Debug|x64.Build.0 = Debug|x64
		{55209D49-326C-4C8F-98D1-48D0D5FA881B}.Debug|x86.ActiveCfg = Debug|Win32
		{55209D49-326C-4C8F-98D1-48D0D5FA881B}.Debug|x86.Build.0 = Debug|Win32
		{55209D49-326C-4C8F-98D1-48D0D5FA881B}.Release|x64.ActiveCfg = Release|x64
		{55209D49-326C-4C8F-98D1-48D0D5FA881B}.Release|x64.Build.0 = Release|x64
		{55209D49-326C-4C8F-98D1-48D0D5FA881B}.Release|x86.ActiveCfg = Release|Win32
		{55209D49-326C-4C8F-98D1-48D0D5FA881B}.Release|x86.Build.0 = Release|Win32
		{6DBC825F-26BF-4CF8-9D59-69A4A056662E}.Debug|x64.ActiveCfg = Debug|x64
		{6DBC825F-26BF-4CF8-9D59-69A4A056662E}.Debug|x64.Build.0 = Debug|x64
		{6DBC825F-26BF-4CF8-9D59-69A4A056662E}.Debug|x86.ActiveCfg = Debug|Win32
		{6DBC825F-26BF-4CF8-9D59-69A4A056662E}.Debug|x86.Build.0 = Debug|Win32
		{6DBC825F-26BF-4CF8-9D59-69A4A056662E}.Release|x64.ActiveCfg = Release|x64
		{6DBC825F-26BF-4CF8-9D59-69A4A056662E}.Release|x64.Build.0 = Release|x64
		{6DBC825F-26BF-4CF8-9D59-69A4A056662E}.Release|x86.ActiveCfg = Release|Win32
		{6DBC825F-26BF-4CF8-9D59-69A4A056662E}.Release|x86.Build.0 = Release|Win32
		{A60BA68E-C673-4FFA-B74F-EC3515821A21}.Debug|x64.ActiveCfg = Debug|x64
		{A60BA68E-C673-4FFA-B74F-EC3515821A21}.Debug|x64.Build.0 = Debug|x64
		{A60BA68E-C673-4FFA-B74F-EC3515821A21}.Debug|x86.ActiveCfg = Debug|Win32
		{A60BA68E-C673-4FFA-B74F-EC3515821A21}.Debug|x86.Build.0 = Debug|Win32
		{A60BA68E-C673-4FFA-B74F-EC3515821A21}.Release|x64.ActiveCfg = Release|x64
		{A60BA68E-C673-4FFA-B74F-EC3515821A21}.Release|x64.Build.0 = Release|x64
		{A60BA68E-C673-4FFA-B74F-EC3515821A21}.Release|x86.ActiveCfg = Release|Win32
		{A60BA68E-C673-4FFA-B74F-EC3515821A21}.Release|x86.Build.0 = Release|Win32
		{788D358A-6493-46C6-9036-9CC1783FC6FB}.Debug|x64.ActiveCfg = Debug|x64
		{788D358A-6493-46C6-9036-9CC1783FC6FB}.Debug|x64.Build.0 = Debug|x64
		{788D358A-6493-46C6-9036-9CC1783FC6FB}.Debug|x86.ActiveCfg = Debug|Win32
		{788D358A-6493-46C6-9036-9CC1783FC6FB}.Debug|x86.Build.0 = Debug|Win32
		{788D358A-6493-46C6-9036-9CC1783FC6FB}.Release|x64.ActiveCfg = Release|x64
		{788D358A-6493-46C6-9036-9CC1783FC6FB}.Release|x64.Build.0 = Release|x64
		{788D358A-6493-46C6-9036-9CC1783FC6FB}.Release|x86.ActiveCfg = Release|Win32
		{788D358A-6493-46C6-9036-9CC1783FC6FB}.Release|x86.Build.0 = Release|Win32
		{DA2F4C6C-7E20-456E-9728-15282E55C9E2}.Debug|x64.ActiveCfg = Debug|x64
		{DA2F4C6C-7E20-456E-9728-15282E55C9E2}.Debug|x64.Build.0 = Debug|x64
		{DA2F4C6C-7E20-456E-9728-15282E55C9E2}.Debug|x86.ActiveCfg = Debug|Win32
		{DA2F4C6C-7E20-456E-9728-15282E55C9E2}.Debug|x86.Build.0 = Debug|Win32
		{DA2F4C6C-7E20-456E-9728-15282E55C9E2}.Release|x64.ActiveCfg = Release|x64
		{DA2F4C6C-7E20-456E-9728-15282E55C9E2}.Release|x64.Build.0 = Release|x64
		{DA2F4C6C-7E20-456E-9728-15282E55C9E2}.Release|x86.ActiveCfg = Release|Win32
		{DA2F4C6C-7E20-456E-9728-15282E55C9E2}.Release|x86.Build.0 = Release|Win32
		{ED095BCC-04E3-45C7-81F7-2A68DF9E50A6}.Debug|x64.ActiveCfg = Debug|x64
		{ED095BCC-04E3-45C7-81F7-2A68DF9E50A6}.Debug|x64.Build.0 = Debug|x64
		{ED095BCC-04E3-45C7-81F7-2A68DF9E50A6}.Debug|x86.ActiveCfg = Debug|Win32
		{ED095BCC-04E3-45C7-81F7-2A68DF9E50A6}.Debug|x86.Build.0 = Debug|Win32
		{ED095BCC-04E3-45C7-81F7-2A68DF9E50A6}.Release|x64.ActiveCfg = Release|x64
		{ED095BCC-04E3-45C7-81F7-2A68DF9E50A6}.Release|x64.Build.0 = Release|x64
		{ED095BCC-04E3-45C7-81F7-2A68DF9E50A6}.Release|x86.ActiveCfg = Release|Win32
		{ED095BCC-04E3-45C7-81F7-2A68DF9E50A6}.Release|x86.Build.0 = Release|Win32
		{58375C2E-95F7-4B25-9972-AE2AAAEECC3C}.Debug|x64.ActiveCfg = Debug|x64
		{58375C2E-95F7-4B25-9972-AE2AAAEECC3C}.Debug|x64.Build.0 = Debug|x64
		{58375C2E-95F7-4B25-9972-AE2AAAEECC3C}.Debug|x86.ActiveCfg = Debug|Win32
		{58375C2E-95F7-4B25-9972-AE2AAAEECC3C}.Debug|x86.Build.0 = Debug|Win32
		{58375C2E-95F7-4B25-9972-AE2AAAEECC3C}.Release|x64.ActiveCfg = Release|x64
		{58375C2E-95F7-4B25-9972-AE2AAAEECC3C}.Release|x64.Build.0 = Release|x64
		{58375C2E-95F7-4B25-9972-AE2AAAEECC3C}.Release|x86.ActiveCfg = Release|Win32
		{58375C2E-95F7-4B25-9972-AE2AAAEECC3C}.Release|x86.Build.0 = Release|Win32
		{C4A3C8A8-279D-4F90-BACE-E90099DA4295}.Debug|x64.ActiveCfg = Debug|x64
		{C4A3C8A8-279D-4F90-BACE-E90099DA4295}.Debug|x64.Build.0 = Debug|x64
		{C4A3C8A8-279D-4F90-BACE-E90099DA4295}.Debug|x86.ActiveCfg = Debug|Win32
		{C4A3C8A8-279D-4F90-BACE-E90099DA4295}.Debug|x86.Build.0 = Debug|Win32
		{C4A3C8A8-279D-4F90-BACE-E90099DA4295}.Release|x64.ActiveCfg = Release|x64
		{C4A3C8A8-279D-4F90-BACE-E90099DA4295}.Release|x64.Build.0 = Release|x64
		{C4A3C8A8-279D-4F90-BACE-E90099DA4295}.Release|x86.ActiveCfg = Release|Win32
		{C4A3C8A8-279D-4F90-BACE-E90099DA4295}.Release|x86.Build.0 = Release|Win32
		{33BB1112-BCBE-4B9C-BE75-8E1CA708FF8C}.Debug|x64.ActiveCfg = Debug|x64
		{33BB1112-BCBE-4B9C-BE75-8E1CA708FF8C}.Debug|x64.Build.0 = Debug|x64
		{33BB1112-BCBE-4B9C-BE75-8E1CA708FF8C}.Debug|x86.ActiveCfg = Debug|Win32
		{33BB1112-BCBE-4B9C-BE75-8E1CA708FF8C}.Debug|x86.Build.0 = Debug|Win32
		{33BB1112-BCBE-4B9C-BE75-8E1CA708FF8C}.Release|x64.ActiveCfg = Release|x64
		{33BB1112-BCBE-4B9C-BE75-8E1CA708FF8C}.Release|x64.Build.0 = Release|x64
		{33BB1112-BCBE-4B9C-BE75-8E1CA708FF8C}.Release|x86.ActiveCfg = Release|Win32
		{33BB1112-BCBE-4B9C-BE75-8E1CA708FF8C}.Release|x86.Build.0 = Release|Win32
		{8A13C90D-5E4D-4665-88D3-78C6FA1455B6}.Debug|x64.ActiveCfg = Debug|x64
		{8A13C90D-5E4D-4665-88D3-78C6FA1455B6}.Debug|x64.Build.0 = Debug|x64
		{8A13C90D-5E4D-4665-88D3-78C6FA1455B6}.Debug|x86.ActiveCfg = Debug|Win32
		{8A13C90D-5E4D-4665-88D3-78C6FA1455B6}.Debug|x86.Build.0 = Debug|Win32
		{8A13C90D-5E4D-4665-88D3-78C6FA1455B6}.Release|x64.ActiveCfg = Release|x64
		{8A13C90D-5E4D-4665-88D3-78C6FA1455B6}.Release|x64.Build.0 = Release|x64
		{8A13C90D-5E4D-4665-88D3-78C6FA1455B6}.Release|x86.ActiveCfg = Release|Win32
		{8A13C90D-5E4D-4665-88D3-78C6FA1455B6}.Release|x86.Build.0 = Release|Win32
		{612C9A83-89A4-46DB-BAC0-AC127C8F5039}.Debug|x64.ActiveCfg = Debug|x64
		{612C9A83-89A4-46DB-BAC0-AC127C8F5039}.Debug|x64.Build.0 = Debug|x64
		{612C9A83-89A4-46DB-BAC0-AC127C8F5039}.Debug|x86.ActiveCfg = Debug|Win32
		{612C9A83-89A4-46DB-BAC0-AC127C8F5039}.Debug|x86.Build.0 = Debug|Win32
		{612C9A83-89A4-46DB-BAC0-AC127C8F5039}.Release|x64.ActiveCfg = Release|x64
		{612C9A83-89A4-46DB-BAC0-AC127C8F5039}.Release|x64.Build.0 = Release|x64
		{612C9A83-89A4-46DB-BAC0-AC127C8F5039}.Release|x86.ActiveCfg = Release|Win32
		{612C9A83-89A4-46DB-BAC0-AC127C8F5039}.Release|x86.Build.0 = Release|Win32
		{A4C506CC-DEE3-4A68-9C02-D1D4B3ADB3B0}.Debug|x64.ActiveCfg = Debug|x64
		{A4C506CC-DEE3-4A68-9C02-D1D4B3ADB3B0}.Debug|x64.Build.0 = Debug|x64
		{A4C506CC-DEE3-4A68-9C02-D1D4B3ADB3B0}.Debug|x86.ActiveCfg = Debug|Win32
		{A4C506CC-DEE3-4A68-9C02-D1D4B3ADB3B0}.Debug|x86.Build.0 = Debug|Win32
		{A4C506CC-DEE3-4A68-9C02-D1D4B3ADB3B0}.Release|x64.ActiveCfg = Release|x64
		{A4C506CC-DEE3-4A68-9C02-D1D4B3ADB3B0}.Release|x64.Build.0 = Release|x64
		{A4C506CC-DEE3-4A68-9C02-D1D4B3ADB3B0}.Release|x86.ActiveCfg = Release|Win32
		{A4C506CC-DEE3-4A68-9C02-D1D4B3ADB3B0}.Release|x86.Build.0 = Release|Win32
		{CFB963EE-D3B9-4B2B-A4D2-07B066FC8E42}.Debug|x64.ActiveCfg = Debug|x64
		{CFB963EE-D3B9-4B2B-A4D2-07B066FC8E42}.Debug|x64.Build.0 = Debug|x64
		{CFB963EE-D3B9-4B2B-A4D2-07B066FC8E42}.Debug|x86.ActiveCfg = Debug|Win32
		{CFB963EE-D3B9-4B2B-A4D2-07B066FC8E42}.Debug|x86.Build.0 = Debug|Win32
		{CFB963EE-D3B9-4B2B-A4D2-07B066FC8E42}.Release|x64.ActiveCfg = Release|x64
		{CFB963EE-D3B9-4B2B-A4D2-07B066FC8E42}.Release|x64.Build.0 = Release|x64
		{CFB963EE-D3B9-4B2B-A4D2-07B066FC8E42}.Release|x86.ActiveCfg = Release|Win32
		{CFB963EE-D3B9-4B2B-A4D2-07B066FC8E42}.Release|x86.Build.0 = Release|Win32
	EndGlobalSection
	GlobalSection(SolutionProperties) = preSolution
		HideSolutionNode = FALSE
	EndGlobalSection
	GlobalSection(ExtensibilityGlobals) = postSolution
		SolutionGuid = {7C45B8F7-2C82-4E6E-A636-DD6D38A8656E}
	EndGlobalSection
EndGlobal
